<?xml version="1.0" encoding="utf-8"?>
<Project ToolsVersion="4.0" xmlns="http://schemas.microsoft.com/developer/msbuild/2003">
  <ItemGroup>
    <Filter Include="Objects">
      <UniqueIdentifier>{2d793785-6edb-492c-b79e-93678090edca}</UniqueIdentifier>
    </Filter>
    <Filter Include="Calculations">
      <UniqueIdentifier>{d31369a6-906f-4d29-b415-6079e49f1a6f}</UniqueIdentifier>
    </Filter>
    <Filter Include="Scenes">
      <UniqueIdentifier>{54caf233-8552-4f8b-bc13-55542f3d36cc}</UniqueIdentifier>
    </Filter>
    <Filter Include="Objects\CustomObjects">
      <UniqueIdentifier>{af4a21ad-6172-481f-8b29-9e8d2e8e380e}</UniqueIdentifier>
    </Filter>
  </ItemGroup>
  <ItemGroup>
    <ClCompile Include="Object2D.cpp">
      <Filter>Objects</Filter>
    </ClCompile>
    <ClCompile Include="Matrix.cpp">
      <Filter>Calculations</Filter>
    </ClCompile>
    <ClCompile Include="Matrix2D.cpp">
      <Filter>Calculations</Filter>
    </ClCompile>
    <ClCompile Include="Camera.cpp">
      <Filter>Scenes</Filter>
    </ClCompile>
    <ClCompile Include="LinearAlga_opdr1.cpp">
      <Filter>Scenes</Filter>
    </ClCompile>
    <ClCompile Include="Scene.cpp">
      <Filter>Scenes</Filter>
    </ClCompile>
    <ClCompile Include="Vector2D.cpp">
      <Filter>Calculations</Filter>
    </ClCompile>
    <ClCompile Include="Cube2D.cpp">
      <Filter>Objects\CustomObjects</Filter>
    </ClCompile>
  </ItemGroup>
  <ItemGroup>
    <ClInclude Include="Object2D.h">
      <Filter>Objects</Filter>
    </ClInclude>
    <ClInclude Include="Vector2D.h">
      <Filter>Calculations</Filter>
    </ClInclude>
    <ClInclude Include="Vector3D.h">
      <Filter>Calculations</Filter>
    </ClInclude>
    <ClInclude Include="Matrix2D.h">
      <Filter>Calculations</Filter>
    </ClInclude>
    <ClInclude Include="Matrix.h">
      <Filter>Calculations</Filter>
    </ClInclude>
    <ClInclude Include="Camera.h">
      <Filter>Scenes</Filter>
    </ClInclude>
    <ClInclude Include="Scene.h">
      <Filter>Scenes</Filter>
    </ClInclude>
    <ClInclude Include="Color.h">
      <Filter>Objects</Filter>
    </ClInclude>
    <ClInclude Include="Cube2D.h">
      <Filter>Objects\CustomObjects</Filter>
    </ClInclude>
    <ClInclude Include="Basic_Matrices.h">
      <Filter>Calculations</Filter>
    </ClInclude>
  </ItemGroup>
</Project>