<?xml version="1.0" encoding="utf-8"?>
<Project ToolsVersion="4.0" xmlns="http://schemas.microsoft.com/developer/msbuild/2003">
  <ItemGroup>
    <Filter Include="Objects">
      <UniqueIdentifier>{2d793785-6edb-492c-b79e-93678090edca}</UniqueIdentifier>
    </Filter>
    <Filter Include="Calculations">
      <UniqueIdentifier>{d31369a6-906f-4d29-b415-6079e49f1a6f}</UniqueIdentifier>
    </Filter>
    <Filter Include="Scenes">
      <UniqueIdentifier>{54caf233-8552-4f8b-bc13-55542f3d36cc}</UniqueIdentifier>
    </Filter>
    <Filter Include="Calculations\Matrix">
      <UniqueIdentifier>{f2a595e3-e5f8-4198-a0a2-d500bea1afdf}</UniqueIdentifier>
    </Filter>
    <Filter Include="Calculations\Vector">
      <UniqueIdentifier>{6609b4db-8c99-4729-ad59-b220b03b80d7}</UniqueIdentifier>
    </Filter>
    <Filter Include="Objects\2D">
      <UniqueIdentifier>{a038570d-9d49-4856-819e-56e9539e408d}</UniqueIdentifier>
    </Filter>
    <Filter Include="Objects\2D\CustomObjects">
      <UniqueIdentifier>{af4a21ad-6172-481f-8b29-9e8d2e8e380e}</UniqueIdentifier>
    </Filter>
    <Filter Include="Objects\3D">
      <UniqueIdentifier>{a4f94bfb-398f-41ba-94ad-4aa6114179c9}</UniqueIdentifier>
    </Filter>
    <Filter Include="Objects\3D\CustomObjects">
      <UniqueIdentifier>{1a1e2d1d-6350-47bc-8cbf-eb02e3183980}</UniqueIdentifier>
    </Filter>
    <Filter Include="Scenes\Camera">
      <UniqueIdentifier>{ea32ce50-f4b3-4ed8-aad6-e36c670e3cb5}</UniqueIdentifier>
    </Filter>
  </ItemGroup>
  <ItemGroup>
    <ClCompile Include="LinearAlga_opdr1.cpp">
      <Filter>Scenes</Filter>
    </ClCompile>
    <ClCompile Include="Scene.cpp">
      <Filter>Scenes</Filter>
    </ClCompile>
    <ClCompile Include="Matrix2D.cpp">
      <Filter>Calculations\Matrix</Filter>
    </ClCompile>
    <ClCompile Include="Matrix3D.cpp">
      <Filter>Calculations\Matrix</Filter>
    </ClCompile>
    <ClCompile Include="Vector2D.cpp">
      <Filter>Calculations\Vector</Filter>
    </ClCompile>
    <ClCompile Include="Vector3D.cpp">
      <Filter>Calculations\Vector</Filter>
    </ClCompile>
    <ClCompile Include="Cube2D.cpp">
      <Filter>Objects\2D\CustomObjects</Filter>
    </ClCompile>
    <ClCompile Include="Object2D.cpp">
      <Filter>Objects\2D</Filter>
    </ClCompile>
    <ClCompile Include="Object3D.cpp">
      <Filter>Objects\3D</Filter>
    </ClCompile>
    <ClCompile Include="Camera2D.cpp">
      <Filter>Scenes\Camera</Filter>
    </ClCompile>
    <ClCompile Include="Cube3D.cpp">
      <Filter>Objects\3D\CustomObjects</Filter>
    </ClCompile>
    <ClCompile Include="Camera3D.cpp">
      <Filter>Scenes\Camera</Filter>
    </ClCompile>
  </ItemGroup>
  <ItemGroup>
    <ClInclude Include="Scene.h">
      <Filter>Scenes</Filter>
    </ClInclude>
    <ClInclude Include="Color.h">
      <Filter>Objects</Filter>
    </ClInclude>
    <ClInclude Include="Basic_Matrices.h">
      <Filter>Calculations</Filter>
    </ClInclude>
    <ClInclude Include="Matrix2D.h">
      <Filter>Calculations\Matrix</Filter>
    </ClInclude>
    <ClInclude Include="Matrix3D.h">
      <Filter>Calculations\Matrix</Filter>
    </ClInclude>
    <ClInclude Include="Vector2D.h">
      <Filter>Calculations\Vector</Filter>
    </ClInclude>
    <ClInclude Include="Vector3D.h">
      <Filter>Calculations\Vector</Filter>
    </ClInclude>
    <ClInclude Include="Cube2D.h">
      <Filter>Objects\2D\CustomObjects</Filter>
    </ClInclude>
    <ClInclude Include="Object2D.h">
      <Filter>Objects\2D</Filter>
    </ClInclude>
    <ClInclude Include="Object3D.h">
      <Filter>Objects\3D</Filter>
    </ClInclude>
    <ClInclude Include="Camera2D.h">
      <Filter>Scenes\Camera</Filter>
    </ClInclude>
    <ClInclude Include="Cube3D.h">
      <Filter>Objects\3D\CustomObjects</Filter>
    </ClInclude>
    <ClInclude Include="Camera3D.h">
      <Filter>Scenes\Camera</Filter>
    </ClInclude>
  </ItemGroup>
</Project>