<?xml version="1.0" encoding="utf-8"?>
<Project ToolsVersion="4.0" xmlns="http://schemas.microsoft.com/developer/msbuild/2003">
  <ItemGroup>
    <Filter Include="Objects">
      <UniqueIdentifier>{2d793785-6edb-492c-b79e-93678090edca}</UniqueIdentifier>
    </Filter>
    <Filter Include="Calculations">
      <UniqueIdentifier>{d31369a6-906f-4d29-b415-6079e49f1a6f}</UniqueIdentifier>
    </Filter>
    <Filter Include="Calculations\Matrix">
      <UniqueIdentifier>{f2a595e3-e5f8-4198-a0a2-d500bea1afdf}</UniqueIdentifier>
    </Filter>
    <Filter Include="Calculations\Vector">
      <UniqueIdentifier>{6609b4db-8c99-4729-ad59-b220b03b80d7}</UniqueIdentifier>
    </Filter>
    <Filter Include="Objects\2D">
      <UniqueIdentifier>{a038570d-9d49-4856-819e-56e9539e408d}</UniqueIdentifier>
    </Filter>
    <Filter Include="Objects\2D\CustomObjects">
      <UniqueIdentifier>{af4a21ad-6172-481f-8b29-9e8d2e8e380e}</UniqueIdentifier>
    </Filter>
    <Filter Include="Objects\3D">
      <UniqueIdentifier>{a4f94bfb-398f-41ba-94ad-4aa6114179c9}</UniqueIdentifier>
    </Filter>
    <Filter Include="Objects\3D\CustomObjects">
      <UniqueIdentifier>{1a1e2d1d-6350-47bc-8cbf-eb02e3183980}</UniqueIdentifier>
    </Filter>
    <Filter Include="Camera">
      <UniqueIdentifier>{ea32ce50-f4b3-4ed8-aad6-e36c670e3cb5}</UniqueIdentifier>
    </Filter>
    <Filter Include="Utility">
      <UniqueIdentifier>{ed352183-9e53-42ac-8148-76d39a27eb50}</UniqueIdentifier>
    </Filter>
    <Filter Include="Scenes">
      <UniqueIdentifier>{54caf233-8552-4f8b-bc13-55542f3d36cc}</UniqueIdentifier>
    </Filter>
    <Filter Include="Scenes\2D">
      <UniqueIdentifier>{dbea3585-9353-4c1b-8b87-dfe91ef7d6d5}</UniqueIdentifier>
    </Filter>
    <Filter Include="Scenes\3D">
      <UniqueIdentifier>{0690120e-41b3-4efb-ba70-12b1b6557e56}</UniqueIdentifier>
    </Filter>
    <Filter Include="Camera\2D">
      <UniqueIdentifier>{590a65d4-4248-44ad-b9d3-cdac2f4b5a7b}</UniqueIdentifier>
    </Filter>
    <Filter Include="Camera\3D">
      <UniqueIdentifier>{219bdb5a-8f12-487e-90f4-5b2141c3e57c}</UniqueIdentifier>
    </Filter>
  </ItemGroup>
  <ItemGroup>
    <ClCompile Include="Matrix2D.cpp">
      <Filter>Calculations\Matrix</Filter>
    </ClCompile>
    <ClCompile Include="Matrix3D.cpp">
      <Filter>Calculations\Matrix</Filter>
    </ClCompile>
    <ClCompile Include="Vector2D.cpp">
      <Filter>Calculations\Vector</Filter>
    </ClCompile>
    <ClCompile Include="Vector3D.cpp">
      <Filter>Calculations\Vector</Filter>
    </ClCompile>
    <ClCompile Include="Cube2D.cpp">
      <Filter>Objects\2D\CustomObjects</Filter>
    </ClCompile>
    <ClCompile Include="Object2D.cpp">
      <Filter>Objects\2D</Filter>
    </ClCompile>
    <ClCompile Include="Object3D.cpp">
      <Filter>Objects\3D</Filter>
    </ClCompile>
    <ClCompile Include="Cube3D.cpp">
      <Filter>Objects\3D\CustomObjects</Filter>
    </ClCompile>
    <ClCompile Include="LinearAlga_opdr1.cpp" />
    <ClCompile Include="Scene2D.cpp">
      <Filter>Scenes\2D</Filter>
    </ClCompile>
    <ClCompile Include="Scene3D.cpp">
      <Filter>Scenes\3D</Filter>
    </ClCompile>
    <ClCompile Include="PulsingCube3D.cpp">
      <Filter>Objects\3D\CustomObjects</Filter>
    </ClCompile>
    <ClCompile Include="Timer.cpp">
      <Filter>Utility</Filter>
    </ClCompile>
    <ClCompile Include="Basic_Matrices.cpp">
      <Filter>Utility</Filter>
    </ClCompile>
    <ClCompile Include="SpaceShip3D.cpp">
      <Filter>Objects\3D\CustomObjects</Filter>
    </ClCompile>
    <ClCompile Include="Camera2D.cpp">
      <Filter>Camera\2D</Filter>
    </ClCompile>
    <ClCompile Include="Camera3D.cpp">
      <Filter>Camera\3D</Filter>
    </ClCompile>
    <ClCompile Include="AidLine3D.cpp">
      <Filter>Objects\3D\CustomObjects</Filter>
    </ClCompile>
    <ClCompile Include="Color.cpp">
      <Filter>Utility</Filter>
    </ClCompile>
  </ItemGroup>
  <ItemGroup>
    <ClInclude Include="Matrix2D.h">
      <Filter>Calculations\Matrix</Filter>
    </ClInclude>
    <ClInclude Include="Matrix3D.h">
      <Filter>Calculations\Matrix</Filter>
    </ClInclude>
    <ClInclude Include="Vector2D.h">
      <Filter>Calculations\Vector</Filter>
    </ClInclude>
    <ClInclude Include="Vector3D.h">
      <Filter>Calculations\Vector</Filter>
    </ClInclude>
    <ClInclude Include="Cube2D.h">
      <Filter>Objects\2D\CustomObjects</Filter>
    </ClInclude>
    <ClInclude Include="Object2D.h">
      <Filter>Objects\2D</Filter>
    </ClInclude>
    <ClInclude Include="Object3D.h">
      <Filter>Objects\3D</Filter>
    </ClInclude>
    <ClInclude Include="Cube3D.h">
      <Filter>Objects\3D\CustomObjects</Filter>
    </ClInclude>
    <ClInclude Include="Scene2D.h">
      <Filter>Scenes\2D</Filter>
    </ClInclude>
    <ClInclude Include="Scene3D.h">
      <Filter>Scenes\3D</Filter>
    </ClInclude>
    <ClInclude Include="PulsingCube3D.h">
      <Filter>Objects\3D\CustomObjects</Filter>
    </ClInclude>
    <ClInclude Include="Color.h">
      <Filter>Utility</Filter>
    </ClInclude>
    <ClInclude Include="Timer.h">
      <Filter>Utility</Filter>
    </ClInclude>
    <ClInclude Include="Basic_Matrices.h">
      <Filter>Utility</Filter>
    </ClInclude>
    <ClInclude Include="SpaceShip3D.h">
      <Filter>Objects\3D\CustomObjects</Filter>
    </ClInclude>
    <ClInclude Include="Camera2D.h">
      <Filter>Camera\2D</Filter>
    </ClInclude>
    <ClInclude Include="Camera3D.h">
      <Filter>Camera\3D</Filter>
    </ClInclude>
    <ClInclude Include="AidLine3D.h">
      <Filter>Objects\3D\CustomObjects</Filter>
    </ClInclude>
  </ItemGroup>
</Project>